{
  "nodes": {
    "nixpkgs": {
      "locked": {
        "lastModified": 1779887442,
        "narHash": "sha256-eCUuOLWs77dwTqxIHTIZM4Wnxy+lirCLo6HjZr5dlgk=",
        "owner": "NixOS",
        "repo": "nixpkgs",
        "rev": "a90757c3affe4befdc02025c1ae72df4f2b4be9e",
        "type": "github"
      },
      "original": {
        "owner": "NixOS",
        "ref": "staging-next",
        "repo": "nixpkgs",
        "type": "github"
      }
    },
    "root": {
      "inputs": {
        "nixpkgs": "nixpkgs"
      }
    }
  },
  "root": "root",
  "version": 7
}
